// !$*UTF8*$!
{
	archiveVersion = 1;
	classes = {
	};
	objectVersion = 46;
	objects = {

/* Begin PBXBuildFile section */
		74B117ED11444D08289B77A8 /* Pods_pokedex.framework in Frameworks */ = {isa = PBXBuildFile; fileRef = 0B2CBFCC118DCF5013130930 /* Pods_pokedex.framework */; };
		B266B02E1C582DB600C14266 /* AppDelegate.swift in Sources */ = {isa = PBXBuildFile; fileRef = B266B02D1C582DB600C14266 /* AppDelegate.swift */; };
		B266B0301C582DB600C14266 /* ViewController.swift in Sources */ = {isa = PBXBuildFile; fileRef = B266B02F1C582DB600C14266 /* ViewController.swift */; };
		B266B0331C582DB600C14266 /* Main.storyboard in Resources */ = {isa = PBXBuildFile; fileRef = B266B0311C582DB600C14266 /* Main.storyboard */; };
		B266B0351C582DB600C14266 /* Assets.xcassets in Resources */ = {isa = PBXBuildFile; fileRef = B266B0341C582DB600C14266 /* Assets.xcassets */; };
		B266B0381C582DB600C14266 /* LaunchScreen.storyboard in Resources */ = {isa = PBXBuildFile; fileRef = B266B0361C582DB600C14266 /* LaunchScreen.storyboard */; };
		B2AF608E1C5D61DB003C4E86 /* pokemon.csv in Resources */ = {isa = PBXBuildFile; fileRef = B2AF608D1C5D61DB003C4E86 /* pokemon.csv */; };
		B2AF60911C5D6499003C4E86 /* Pokemon.swift in Sources */ = {isa = PBXBuildFile; fileRef = B2AF60901C5D6499003C4E86 /* Pokemon.swift */; };
		B2AF60941C5D6C5C003C4E86 /* PokeCell.swift in Sources */ = {isa = PBXBuildFile; fileRef = B2AF60931C5D6C5C003C4E86 /* PokeCell.swift */; };
		B2AF60961C5D8530003C4E86 /* csv.swift in Sources */ = {isa = PBXBuildFile; fileRef = B2AF60951C5D8530003C4E86 /* csv.swift */; };
		B2AF609B1C5D8AA9003C4E86 /* Pokemon.ttf in Resources */ = {isa = PBXBuildFile; fileRef = B2AF609A1C5D8AA9003C4E86 /* Pokemon.ttf */; };
		B2AF609D1C5D8D84003C4E86 /* music.mp3 in Resources */ = {isa = PBXBuildFile; fileRef = B2AF609C1C5D8D84003C4E86 /* music.mp3 */; };
		B2AF609F1C5D9942003C4E86 /* PokemonDetailVC.swift in Sources */ = {isa = PBXBuildFile; fileRef = B2AF609E1C5D9942003C4E86 /* PokemonDetailVC.swift */; };
		B2DE35EE1C5EA6430010CB89 /* Constants.swift in Sources */ = {isa = PBXBuildFile; fileRef = B2DE35ED1C5EA6430010CB89 /* Constants.swift */; };
/* End PBXBuildFile section */

/* Begin PBXFileReference section */
		0B2CBFCC118DCF5013130930 /* Pods_pokedex.framework */ = {isa = PBXFileReference; explicitFileType = wrapper.framework; includeInIndex = 0; path = Pods_pokedex.framework; sourceTree = BUILT_PRODUCTS_DIR; };
		9754CC84DA3214CE9CF2E9A6 /* Pods-pokedex.debug.xcconfig */ = {isa = PBXFileReference; includeInIndex = 1; lastKnownFileType = text.xcconfig; name = "Pods-pokedex.debug.xcconfig"; path = "Pods/Target Support Files/Pods-pokedex/Pods-pokedex.debug.xcconfig"; sourceTree = "<group>"; };
		AEFD2DB11057C84278FF13EC /* Pods-pokedex.release.xcconfig */ = {isa = PBXFileReference; includeInIndex = 1; lastKnownFileType = text.xcconfig; name = "Pods-pokedex.release.xcconfig"; path = "Pods/Target Support Files/Pods-pokedex/Pods-pokedex.release.xcconfig"; sourceTree = "<group>"; };
		B266B02A1C582DB600C14266 /* pokedex.app */ = {isa = PBXFileReference; explicitFileType = wrapper.application; includeInIndex = 0; path = pokedex.app; sourceTree = BUILT_PRODUCTS_DIR; };
		B266B02D1C582DB600C14266 /* AppDelegate.swift */ = {isa = PBXFileReference; lastKnownFileType = sourcecode.swift; path = AppDelegate.swift; sourceTree = "<group>"; };
		B266B02F1C582DB600C14266 /* ViewController.swift */ = {isa = PBXFileReference; lastKnownFileType = sourcecode.swift; path = ViewController.swift; sourceTree = "<group>"; };
		B266B0321C582DB600C14266 /* Base */ = {isa = PBXFileReference; lastKnownFileType = file.storyboard; name = Base; path = Base.lproj/Main.storyboard; sourceTree = "<group>"; };
		B266B0341C582DB600C14266 /* Assets.xcassets */ = {isa = PBXFileReference; lastKnownFileType = folder.assetcatalog; path = Assets.xcassets; sourceTree = "<group>"; };
		B266B0371C582DB600C14266 /* Base */ = {isa = PBXFileReference; lastKnownFileType = file.storyboard; name = Base; path = Base.lproj/LaunchScreen.storyboard; sourceTree = "<group>"; };
		B266B0391C582DB600C14266 /* Info.plist */ = {isa = PBXFileReference; lastKnownFileType = text.plist.xml; path = Info.plist; sourceTree = "<group>"; };
		B2AF608D1C5D61DB003C4E86 /* pokemon.csv */ = {isa = PBXFileReference; fileEncoding = 4; lastKnownFileType = text; path = pokemon.csv; sourceTree = "<group>"; };
		B2AF60901C5D6499003C4E86 /* Pokemon.swift */ = {isa = PBXFileReference; fileEncoding = 4; lastKnownFileType = sourcecode.swift; path = Pokemon.swift; sourceTree = "<group>"; };
		B2AF60931C5D6C5C003C4E86 /* PokeCell.swift */ = {isa = PBXFileReference; fileEncoding = 4; lastKnownFileType = sourcecode.swift; path = PokeCell.swift; sourceTree = "<group>"; };
		B2AF60951C5D8530003C4E86 /* csv.swift */ = {isa = PBXFileReference; fileEncoding = 4; lastKnownFileType = sourcecode.swift; path = csv.swift; sourceTree = "<group>"; };
		B2AF609A1C5D8AA9003C4E86 /* Pokemon.ttf */ = {isa = PBXFileReference; lastKnownFileType = file; path = Pokemon.ttf; sourceTree = "<group>"; };
		B2AF609C1C5D8D84003C4E86 /* music.mp3 */ = {isa = PBXFileReference; lastKnownFileType = audio.mp3; path = music.mp3; sourceTree = "<group>"; };
		B2AF609E1C5D9942003C4E86 /* PokemonDetailVC.swift */ = {isa = PBXFileReference; fileEncoding = 4; lastKnownFileType = sourcecode.swift; path = PokemonDetailVC.swift; sourceTree = "<group>"; };
		B2DE35ED1C5EA6430010CB89 /* Constants.swift */ = {isa = PBXFileReference; fileEncoding = 4; lastKnownFileType = sourcecode.swift; path = Constants.swift; sourceTree = "<group>"; };
/* End PBXFileReference section */

/* Begin PBXFrameworksBuildPhase section */
		B266B0271C582DB500C14266 /* Frameworks */ = {
			isa = PBXFrameworksBuildPhase;
			buildActionMask = 2147483647;
			files = (
				74B117ED11444D08289B77A8 /* Pods_pokedex.framework in Frameworks */,
			);
			runOnlyForDeploymentPostprocessing = 0;
		};
/* End PBXFrameworksBuildPhase section */

/* Begin PBXGroup section */
		74ACDFD049F85ED014124B5E /* Frameworks */ = {
			isa = PBXGroup;
			children = (
				0B2CBFCC118DCF5013130930 /* Pods_pokedex.framework */,
			);
			name = Frameworks;
			sourceTree = "<group>";
		};
		B266B0211C582DB500C14266 = {
			isa = PBXGroup;
			children = (
				B266B02C1C582DB600C14266 /* pokedex */,
				B266B02B1C582DB600C14266 /* Products */,
				E9136864276584DBF5E73B3E /* Pods */,
				74ACDFD049F85ED014124B5E /* Frameworks */,
			);
			sourceTree = "<group>";
		};
		B266B02B1C582DB600C14266 /* Products */ = {
			isa = PBXGroup;
			children = (
				B266B02A1C582DB600C14266 /* pokedex.app */,
			);
			name = Products;
			sourceTree = "<group>";
		};
		B266B02C1C582DB600C14266 /* pokedex */ = {
			isa = PBXGroup;
			children = (
				B2AF60991C5D855A003C4E86 /* Resources */,
				B2AF608F1C5D647C003C4E86 /* Model */,
				B2AF60921C5D6C29003C4E86 /* View */,
				B266B02D1C582DB600C14266 /* AppDelegate.swift */,
				B2AF60971C5D853D003C4E86 /* Utilities */,
				B2AF60981C5D854C003C4E86 /* Controller */,
				B266B0311C582DB600C14266 /* Main.storyboard */,
				B266B0341C582DB600C14266 /* Assets.xcassets */,
				B266B0361C582DB600C14266 /* LaunchScreen.storyboard */,
				B266B0391C582DB600C14266 /* Info.plist */,
			);
			path = pokedex;
			sourceTree = "<group>";
		};
		B2AF608F1C5D647C003C4E86 /* Model */ = {
			isa = PBXGroup;
			children = (
				B2AF60901C5D6499003C4E86 /* Pokemon.swift */,
			);
			name = Model;
			sourceTree = "<group>";
		};
		B2AF60921C5D6C29003C4E86 /* View */ = {
			isa = PBXGroup;
			children = (
				B2AF60931C5D6C5C003C4E86 /* PokeCell.swift */,
			);
			name = View;
			sourceTree = "<group>";
		};
		B2AF60971C5D853D003C4E86 /* Utilities */ = {
			isa = PBXGroup;
			children = (
				B2AF60951C5D8530003C4E86 /* csv.swift */,
				B2DE35ED1C5EA6430010CB89 /* Constants.swift */,
			);
			name = Utilities;
			sourceTree = "<group>";
		};
		B2AF60981C5D854C003C4E86 /* Controller */ = {
			isa = PBXGroup;
			children = (
				B266B02F1C582DB600C14266 /* ViewController.swift */,
				B2AF609E1C5D9942003C4E86 /* PokemonDetailVC.swift */,
			);
			name = Controller;
			sourceTree = "<group>";
		};
		B2AF60991C5D855A003C4E86 /* Resources */ = {
			isa = PBXGroup;
			children = (
				B2AF609C1C5D8D84003C4E86 /* music.mp3 */,
				B2AF608D1C5D61DB003C4E86 /* pokemon.csv */,
				B2AF609A1C5D8AA9003C4E86 /* Pokemon.ttf */,
			);
			name = Resources;
			sourceTree = "<group>";
		};
		E9136864276584DBF5E73B3E /* Pods */ = {
			isa = PBXGroup;
			children = (
				9754CC84DA3214CE9CF2E9A6 /* Pods-pokedex.debug.xcconfig */,
				AEFD2DB11057C84278FF13EC /* Pods-pokedex.release.xcconfig */,
			);
			name = Pods;
			sourceTree = "<group>";
		};
/* End PBXGroup section */

/* Begin PBXNativeTarget section */
		B266B0291C582DB500C14266 /* pokedex */ = {
			isa = PBXNativeTarget;
			buildConfigurationList = B266B03C1C582DB600C14266 /* Build configuration list for PBXNativeTarget "pokedex" */;
			buildPhases = (
				8D4865C3686F9A2AED6CE874 /* Check Pods Manifest.lock */,
				B266B0261C582DB500C14266 /* Sources */,
				B266B0271C582DB500C14266 /* Frameworks */,
				B266B0281C582DB500C14266 /* Resources */,
				0D9A48E53595B760B1472EEA /* Embed Pods Frameworks */,
				0C385459D56C498BFDC2B082 /* Copy Pods Resources */,
			);
			buildRules = (
			);
			dependencies = (
			);
			name = pokedex;
			productName = pokedex;
			productReference = B266B02A1C582DB600C14266 /* pokedex.app */;
			productType = "com.apple.product-type.application";
		};
/* End PBXNativeTarget section */

/* Begin PBXProject section */
		B266B0221C582DB500C14266 /* Project object */ = {
			isa = PBXProject;
			attributes = {
				LastUpgradeCheck = 0700;
				ORGANIZATIONNAME = "Killian Jackson";
				TargetAttributes = {
					B266B0291C582DB500C14266 = {
						CreatedOnToolsVersion = 7.0;
					};
				};
			};
			buildConfigurationList = B266B0251C582DB500C14266 /* Build configuration list for PBXProject "pokedex" */;
			compatibilityVersion = "Xcode 3.2";
			developmentRegion = English;
			hasScannedForEncodings = 0;
			knownRegions = (
				en,
				Base,
			);
			mainGroup = B266B0211C582DB500C14266;
			productRefGroup = B266B02B1C582DB600C14266 /* Products */;
			projectDirPath = "";
			projectRoot = "";
			targets = (
				B266B0291C582DB500C14266 /* pokedex */,
			);
		};
/* End PBXProject section */

/* Begin PBXResourcesBuildPhase section */
		B266B0281C582DB500C14266 /* Resources */ = {
			isa = PBXResourcesBuildPhase;
			buildActionMask = 2147483647;
			files = (
				B266B0381C582DB600C14266 /* LaunchScreen.storyboard in Resources */,
				B2AF609B1C5D8AA9003C4E86 /* Pokemon.ttf in Resources */,
				B2AF609D1C5D8D84003C4E86 /* music.mp3 in Resources */,
				B266B0351C582DB600C14266 /* Assets.xcassets in Resources */,
				B2AF608E1C5D61DB003C4E86 /* pokemon.csv in Resources */,
				B266B0331C582DB600C14266 /* Main.storyboard in Resources */,
			);
			runOnlyForDeploymentPostprocessing = 0;
		};
/* End PBXResourcesBuildPhase section */

/* Begin PBXShellScriptBuildPhase section */
		0C385459D56C498BFDC2B082 /* Copy Pods Resources */ = {
			isa = PBXShellScriptBuildPhase;
			buildActionMask = 2147483647;
			files = (
			);
			inputPaths = (
			);
			name = "Copy Pods Resources";
			outputPaths = (
			);
			runOnlyForDeploymentPostprocessing = 0;
			shellPath = /bin/sh;
			shellScript = "\"${SRCROOT}/Pods/Target Support Files/Pods-pokedex/Pods-pokedex-resources.sh\"\n";
			showEnvVarsInLog = 0;
		};
		0D9A48E53595B760B1472EEA /* Embed Pods Frameworks */ = {
			isa = PBXShellScriptBuildPhase;
			buildActionMask = 2147483647;
			files = (
			);
			inputPaths = (
			);
			name = "Embed Pods Frameworks";
			outputPaths = (
			);
			runOnlyForDeploymentPostprocessing = 0;
			shellPath = /bin/sh;
			shellScript = "\"${SRCROOT}/Pods/Target Support Files/Pods-pokedex/Pods-pokedex-frameworks.sh\"\n";
			showEnvVarsInLog = 0;
		};
		8D4865C3686F9A2AED6CE874 /* Check Pods Manifest.lock */ = {
			isa = PBXShellScriptBuildPhase;
			buildActionMask = 2147483647;
			files = (
			);
			inputPaths = (
			);
			name = "Check Pods Manifest.lock";
			outputPaths = (
			);
			runOnlyForDeploymentPostprocessing = 0;
			shellPath = /bin/sh;
			shellScript = "diff \"${PODS_ROOT}/../Podfile.lock\" \"${PODS_ROOT}/Manifest.lock\" > /dev/null\nif [[ $? != 0 ]] ; then\n    cat << EOM\nerror: The sandbox is not in sync with the Podfile.lock. Run 'pod install' or update your CocoaPods installation.\nEOM\n    exit 1\nfi\n";
			showEnvVarsInLog = 0;
		};
/* End PBXShellScriptBuildPhase section */

/* Begin PBXSourcesBuildPhase section */
		B266B0261C582DB500C14266 /* Sources */ = {
			isa = PBXSourcesBuildPhase;
			buildActionMask = 2147483647;
			files = (
				B2AF60941C5D6C5C003C4E86 /* PokeCell.swift in Sources */,
				B266B0301C582DB600C14266 /* ViewController.swift in Sources */,
				B2DE35EE1C5EA6430010CB89 /* Constants.swift in Sources */,
				B266B02E1C582DB600C14266 /* AppDelegate.swift in Sources */,
				B2AF609F1C5D9942003C4E86 /* PokemonDetailVC.swift in Sources */,
				B2AF60911C5D6499003C4E86 /* Pokemon.swift in Sources */,
				B2AF60961C5D8530003C4E86 /* csv.swift in Sources */,
			);
			runOnlyForDeploymentPostprocessing = 0;
		};
/* End PBXSourcesBuildPhase section */

/* Begin PBXVariantGroup section */
		B266B0311C582DB600C14266 /* Main.storyboard */ = {
			isa = PBXVariantGroup;
			children = (
				B266B0321C582DB600C14266 /* Base */,
			);
			name = Main.storyboard;
			sourceTree = "<group>";
		};
		B266B0361C582DB600C14266 /* LaunchScreen.storyboard */ = {
			isa = PBXVariantGroup;
			children = (
				B266B0371C582DB600C14266 /* Base */,
			);
			name = LaunchScreen.storyboard;
			sourceTree = "<group>";
		};
/* End PBXVariantGroup section */

/* Begin XCBuildConfiguration section */
		B266B03A1C582DB600C14266 /* Debug */ = {
			isa = XCBuildConfiguration;
			buildSettings = {
				ALWAYS_SEARCH_USER_PATHS = NO;
				CLANG_CXX_LANGUAGE_STANDARD = "gnu++0x";
				CLANG_CXX_LIBRARY = "libc++";
				CLANG_ENABLE_MODULES = YES;
				CLANG_ENABLE_OBJC_ARC = YES;
				CLANG_WARN_BOOL_CONVERSION = YES;
				CLANG_WARN_CONSTANT_CONVERSION = YES;
				CLANG_WARN_DIRECT_OBJC_ISA_USAGE = YES_ERROR;
				CLANG_WARN_EMPTY_BODY = YES;
				CLANG_WARN_ENUM_CONVERSION = YES;
				CLANG_WARN_INT_CONVERSION = YES;
				CLANG_WARN_OBJC_ROOT_CLASS = YES_ERROR;
				CLANG_WARN_UNREACHABLE_CODE = YES;
				CLANG_WARN__DUPLICATE_METHOD_MATCH = YES;
				"CODE_SIGN_IDENTITY[sdk=iphoneos*]" = "iPhone Developer";
				COPY_PHASE_STRIP = NO;
				DEBUG_INFORMATION_FORMAT = dwarf;
				ENABLE_STRICT_OBJC_MSGSEND = YES;
				ENABLE_TESTABILITY = YES;
				GCC_C_LANGUAGE_STANDARD = gnu99;
				GCC_DYNAMIC_NO_PIC = NO;
				GCC_NO_COMMON_BLOCKS = YES;
				GCC_OPTIMIZATION_LEVEL = 0;
				GCC_PREPROCESSOR_DEFINITIONS = (
					"DEBUG=1",
					"$(inherited)",
				);
				GCC_WARN_64_TO_32_BIT_CONVERSION = YES;
				GCC_WARN_ABOUT_RETURN_TYPE = YES_ERROR;
				GCC_WARN_UNDECLARED_SELECTOR = YES;
				GCC_WARN_UNINITIALIZED_AUTOS = YES_AGGRESSIVE;
				GCC_WARN_UNUSED_FUNCTION = YES;
				GCC_WARN_UNUSED_VARIABLE = YES;
				IPHONEOS_DEPLOYMENT_TARGET = 9.0;
				MTL_ENABLE_DEBUG_INFO = YES;
				ONLY_ACTIVE_ARCH = YES;
				SDKROOT = iphoneos;
				SWIFT_OPTIMIZATION_LEVEL = "-Onone";
			};
			name = Debug;
		};
		B266B03B1C582DB600C14266 /* Release */ = {
			isa = XCBuildConfiguration;
			buildSettings = {
				ALWAYS_SEARCH_USER_PATHS = NO;
				CLANG_CXX_LANGUAGE_STANDARD = "gnu++0x";
				CLANG_CXX_LIBRARY = "libc++";
				CLANG_ENABLE_MODULES = YES;
				CLANG_ENABLE_OBJC_ARC = YES;
				CLANG_WARN_BOOL_CONVERSION = YES;
				CLANG_WARN_CONSTANT_CONVERSION = YES;
				CLANG_WARN_DIRECT_OBJC_ISA_USAGE = YES_ERROR;
				CLANG_WARN_EMPTY_BODY = YES;
				CLANG_WARN_ENUM_CONVERSION = YES;
				CLANG_WARN_INT_CONVERSION = YES;
				CLANG_WARN_OBJC_ROOT_CLASS = YES_ERROR;
				CLANG_WARN_UNREACHABLE_CODE = YES;
				CLANG_WARN__DUPLICATE_METHOD_MATCH = YES;
				"CODE_SIGN_IDENTITY[sdk=iphoneos*]" = "iPhone Developer";
				COPY_PHASE_STRIP = NO;
				DEBUG_INFORMATION_FORMAT = "dwarf-with-dsym";
				ENABLE_NS_ASSERTIONS = NO;
				ENABLE_STRICT_OBJC_MSGSEND = YES;
				GCC_C_LANGUAGE_STANDARD = gnu99;
				GCC_NO_COMMON_BLOCKS = YES;
				GCC_WARN_64_TO_32_BIT_CONVERSION = YES;
				GCC_WARN_ABOUT_RETURN_TYPE = YES_ERROR;
				GCC_WARN_UNDECLARED_SELECTOR = YES;
				GCC_WARN_UNINITIALIZED_AUTOS = YES_AGGRESSIVE;
				GCC_WARN_UNUSED_FUNCTION = YES;
				GCC_WARN_UNUSED_VARIABLE = YES;
				IPHONEOS_DEPLOYMENT_TARGET = 9.0;
				MTL_ENABLE_DEBUG_INFO = NO;
				SDKROOT = iphoneos;
				VALIDATE_PRODUCT = YES;
			};
			name = Release;
		};
		B266B03D1C582DB600C14266 /* Debug */ = {
			isa = XCBuildConfiguration;
			baseConfigurationReference = 9754CC84DA3214CE9CF2E9A6 /* Pods-pokedex.debug.xcconfig */;
			buildSettings = {
				ASSETCATALOG_COMPILER_APPICON_NAME = AppIcon;
				INFOPLIST_FILE = pokedex/Info.plist;
				LD_RUNPATH_SEARCH_PATHS = "$(inherited) @executable_path/Frameworks";
				PRODUCT_BUNDLE_IDENTIFIER = PKJ.pokedex;
				PRODUCT_NAME = "$(TARGET_NAME)";
			};
			name = Debug;
		};
		B266B03E1C582DB600C14266 /* Release */ = {
			isa = XCBuildConfiguration;
			baseConfigurationReference = AEFD2DB11057C84278FF13EC /* Pods-pokedex.release.xcconfig */;
			buildSettings = {
				ASSETCATALOG_COMPILER_APPICON_NAME = AppIcon;
				INFOPLIST_FILE = pokedex/Info.plist;
				LD_RUNPATH_SEARCH_PATHS = "$(inherited) @executable_path/Frameworks";
				PRODUCT_BUNDLE_IDENTIFIER = PKJ.pokedex;
				PRODUCT_NAME = "$(TARGET_NAME)";
			};
			name = Release;
		};
/* End XCBuildConfiguration section */

/* Begin XCConfigurationList section */
		B266B0251C582DB500C14266 /* Build configuration list for PBXProject "pokedex" */ = {
			isa = XCConfigurationList;
			buildConfigurations = (
				B266B03A1C582DB600C14266 /* Debug */,
				B266B03B1C582DB600C14266 /* Release */,
			);
			defaultConfigurationIsVisible = 0;
			defaultConfigurationName = Release;
		};
		B266B03C1C582DB600C14266 /* Build configuration list for PBXNativeTarget "pokedex" */ = {
			isa = XCConfigurationList;
			buildConfigurations = (
				B266B03D1C582DB600C14266 /* Debug */,
				B266B03E1C582DB600C14266 /* Release */,
			);
			defaultConfigurationIsVisible = 0;
			defaultConfigurationName = Release;
		};
/* End XCConfigurationList section */
	};
	rootObject = B266B0221C582DB500C14266 /* Project object */;
}
